%{"certifi": {:hex, :certifi, "1.2.1", "c3904f192bd5284e5b13f20db3ceac9626e14eeacfbb492e19583cf0e37b22be", [:rebar3], []},
  "cowboy": {:hex, :cowboy, "1.1.2", "61ac29ea970389a88eca5a65601460162d370a70018afe6f949a29dca91f3bb0", [:rebar3], [{:cowlib, "~> 1.0.2", [hex: :cowlib, optional: false]}, {:ranch, "~> 1.3.2", [hex: :ranch, optional: false]}]},
  "cowlib": {:hex, :cowlib, "1.0.2", "9d769a1d062c9c3ac753096f868ca121e2730b9a377de23dec0f7e08b1df84ee", [:make], []},
  "gen_mqtt": {:hex, :gen_mqtt, "0.3.1", "6ce6af7c2bcb125d5b4125c67c5ab1f29bcec2638236509bcc6abf510a6661ed", [:mix], [{:vmq_commons, "1.0.0", [hex: :vmq_commons, optional: false]}]},
  "hackney": {:hex, :hackney, "1.8.5", "56025cf08aaf0998a5ad6494888a069fc3800f60eb6bdd1fca7adf0f1329c888", [:rebar3], [{:certifi, "1.2.1", [hex: :certifi, optional: false]}, {:idna, "5.0.2", [hex: :idna, optional: false]}, {:metrics, "1.0.1", [hex: :metrics, optional: false]}, {:mimerl, "1.0.2", [hex: :mimerl, optional: false]}, {:ssl_verify_fun, "1.1.1", [hex: :ssl_verify_fun, optional: false]}]},
  "httpoison": {:hex, :httpoison, "0.11.2", "9e59f17a473ef6948f63c51db07320477bad8ba88cf1df60a3eee01150306665", [:mix], [{:hackney, "~> 1.8.0", [hex: :hackney, optional: false]}]},
  "idna": {:hex, :idna, "5.0.2", "ac203208ada855d95dc591a764b6e87259cb0e2a364218f215ad662daa8cd6b4", [:rebar3], [{:unicode_util_compat, "0.2.0", [hex: :unicode_util_compat, optional: false]}]},
  "instream": {:hex, :instream, "0.15.0", "8a7be71b6a9c16ca0ce41a31a5450e14b316dc7f3bba48d02abf1218cade9032", [:mix], [{:hackney, "~> 1.1", [hex: :hackney, optional: false]}, {:poison, "~> 2.0 or ~> 3.0", [hex: :poison, optional: false]}, {:poolboy, "~> 1.5", [hex: :poolboy, optional: false]}]},
  "metrics": {:hex, :metrics, "1.0.1", "25f094dea2cda98213cecc3aeff09e940299d950904393b2a29d191c346a8486", [:rebar3], []},
  "mime": {:hex, :mime, "1.1.0", "01c1d6f4083d8aa5c7b8c246ade95139620ef8effb009edde934e0ec3b28090a", [:mix], []},
  "mimerl": {:hex, :mimerl, "1.0.2", "993f9b0e084083405ed8252b99460c4f0563e41729ab42d9074fd5e52439be88", [:rebar3], []},
  "plug": {:hex, :plug, "1.3.5", "7503bfcd7091df2a9761ef8cecea666d1f2cc454cbbaf0afa0b6e259203b7031", [:mix], [{:cowboy, "~> 1.0.1 or ~> 1.1", [hex: :cowboy, optional: true]}, {:mime, "~> 1.0", [hex: :mime, optional: false]}]},
  "poison": {:hex, :poison, "3.1.0", "d9eb636610e096f86f25d9a46f35a9facac35609a7591b3be3326e99a0484665", [:mix], []},
  "poolboy": {:hex, :poolboy, "1.5.1", "6b46163901cfd0a1b43d692657ed9d7e599853b3b21b95ae5ae0a777cf9b6ca8", [:rebar], []},
  "ranch": {:hex, :ranch, "1.3.2", "e4965a144dc9fbe70e5c077c65e73c57165416a901bd02ea899cfd95aa890986", [:rebar3], []},
  "satori": {:hex, :satori, "0.2.0", "24c9bc5f6881e83ca3b433b21961f6f5d33396b6965a1514330dbe8a638fd8db", [:mix], [{:poison, "~> 3.1", [hex: :poison, optional: false]}, {:websocket_client, "~> 1.2", [hex: :websocket_client, optional: false]}]},
  "ssl_verify_fun": {:hex, :ssl_verify_fun, "1.1.1", "28a4d65b7f59893bc2c7de786dec1e1555bd742d336043fe644ae956c3497fbe", [:make, :rebar], []},
  "unicode_util_compat": {:hex, :unicode_util_compat, "0.2.0", "dbbccf6781821b1c0701845eaf966c9b6d83d7c3bfc65ca2b78b88b8678bfa35", [:rebar3], []},
  "vmq_commons": {:hex, :vmq_commons, "1.0.0", "5f5005c12db33f92f40e818a3617fb148972d59adcf99298c9d3808ef3582e34", [:rebar3], []},
  "websocket_client": {:hex, :websocket_client, "1.2.1", "a965ce0be5583c90347400bceca66629e4debd5feb9bd516107e2924bdf39dad", [:rebar3], []},
  "wobserver": {:hex, :wobserver, "0.1.7", "377b9a2903728b62e4e89d4e200ec17d60669ccdd3ed72b23a2ab3a2c079694d", [:mix], [{:cowboy, "~> 1.1", [hex: :cowboy, optional: false]}, {:httpoison, "~> 0.11", [hex: :httpoison, optional: false]}, {:plug, "~> 1.3", [hex: :plug, optional: false]}, {:poison, "~> 2.0 or ~> 3.0", [hex: :poison, optional: false]}, {:websocket_client, "~> 1.2", [hex: :websocket_client, optional: false]}]}}
